
Microsoft Visual Studio Solution File, Format Version 12.00
# Visual Studio Version 17
VisualStudioVersion = 17.8.34525.116
MinimumVisualStudioVersion = 10.0.40219.1
Project("{9A19103F-16F7-4668-BE54-9A1E7A4F7556}") = "AWSLambda1", "AWSLambda1\AWSLambda1.csproj", "{46388EDE-345D-4017-86FF-5233A2E1472C}"
EndProject
Global
	GlobalSection(SolutionConfigurationPlatforms) = preSolution
		Debug|Any CPU = Debug|Any CPU
		Release|Any CPU = Release|Any CPU
	EndGlobalSection
	GlobalSection(ProjectConfigurationPlatforms) = postSolution
		{46388EDE-345D-4017-86FF-5233A2E1472C}.Debug|Any CPU.ActiveCfg = Debug|Any CPU
		{46388EDE-345D-4017-86FF-5233A2E1472C}.Debug|Any CPU.Build.0 = Debug|Any CPU
		{46388EDE-345D-4017-86FF-5233A2E1472C}.Release|Any CPU.ActiveCfg = Release|Any CPU
		{46388EDE-345D-4017-86FF-5233A2E1472C}.Release|Any CPU.Build.0 = Release|Any CPU
	EndGlobalSection
	GlobalSection(SolutionProperties) = preSolution
		HideSolutionNode = FALSE
	EndGlobalSection
	GlobalSection(ExtensibilityGlobals) = postSolution
		SolutionGuid = {32D2803B-E680-4ECE-ACF6-FDFAA5AE1F73}
	EndGlobalSection
EndGlobal
